
Microsoft Visual Studio Solution File, Format Version 12.00
# Visual Studio Version 16
VisualStudioVersion = 16.0.28803.352
MinimumVisualStudioVersion = 10.0.40219.1
Project("{9A19103F-16F7-4668-BE54-9A1E7A4F7556}") = "P01-Car", "P01-Car\P01-Car.csproj", "{41633C98-7BD1-4506-AD80-ADDABEF587A7}"
EndProject
Project("{FAE04EC0-301F-11D3-BF4B-00C04F79EFBC}") = "P02-CarExtension", "P02-CarExtension\P02-CarExtension.csproj", "{3DADA940-87D4-4B12-9F15-1ACE8FED8F43}"
EndProject
Project("{FAE04EC0-301F-11D3-BF4B-00C04F79EFBC}") = "P03-CarConstructors", "P03-CarConstructors\P03-CarConstructors.csproj", "{132E84C5-9E0D-42D4-8943-E30C6203F00C}"
EndProject
Project("{FAE04EC0-301F-11D3-BF4B-00C04F79EFBC}") = "P04-CarEngineTires", "P04-CarEngineTires\P04-CarEngineTires.csproj", "{98A400EF-4CFC-4F1B-A887-4FCA6D8732E7}"
EndProject
Project("{FAE04EC0-301F-11D3-BF4B-00C04F79EFBC}") = "P05-SpecialCars", "P05-SpecialCars\P05-SpecialCars.csproj", "{EF0D155D-3BF7-4F75-B180-90731BDC9CF4}"
EndProject
Global
	GlobalSection(SolutionConfigurationPlatforms) = preSolution
		Debug|Any CPU = Debug|Any CPU
		Release|Any CPU = Release|Any CPU
	EndGlobalSection
	GlobalSection(ProjectConfigurationPlatforms) = postSolution
		{41633C98-7BD1-4506-AD80-ADDABEF587A7}.Debug|Any CPU.ActiveCfg = Debug|Any CPU
		{41633C98-7BD1-4506-AD80-ADDABEF587A7}.Debug|Any CPU.Build.0 = Debug|Any CPU
		{41633C98-7BD1-4506-AD80-ADDABEF587A7}.Release|Any CPU.ActiveCfg = Release|Any CPU
		{41633C98-7BD1-4506-AD80-ADDABEF587A7}.Release|Any CPU.Build.0 = Release|Any CPU
		{3DADA940-87D4-4B12-9F15-1ACE8FED8F43}.Debug|Any CPU.ActiveCfg = Debug|Any CPU
		{3DADA940-87D4-4B12-9F15-1ACE8FED8F43}.Debug|Any CPU.Build.0 = Debug|Any CPU
		{3DADA940-87D4-4B12-9F15-1ACE8FED8F43}.Release|Any CPU.ActiveCfg = Release|Any CPU
		{3DADA940-87D4-4B12-9F15-1ACE8FED8F43}.Release|Any CPU.Build.0 = Release|Any CPU
		{132E84C5-9E0D-42D4-8943-E30C6203F00C}.Debug|Any CPU.ActiveCfg = Debug|Any CPU
		{132E84C5-9E0D-42D4-8943-E30C6203F00C}.Debug|Any CPU.Build.0 = Debug|Any CPU
		{132E84C5-9E0D-42D4-8943-E30C6203F00C}.Release|Any CPU.ActiveCfg = Release|Any CPU
		{132E84C5-9E0D-42D4-8943-E30C6203F00C}.Release|Any CPU.Build.0 = Release|Any CPU
		{98A400EF-4CFC-4F1B-A887-4FCA6D8732E7}.Debug|Any CPU.ActiveCfg = Debug|Any CPU
		{98A400EF-4CFC-4F1B-A887-4FCA6D8732E7}.Debug|Any CPU.Build.0 = Debug|Any CPU
		{98A400EF-4CFC-4F1B-A887-4FCA6D8732E7}.Release|Any CPU.ActiveCfg = Release|Any CPU
		{98A400EF-4CFC-4F1B-A887-4FCA6D8732E7}.Release|Any CPU.Build.0 = Release|Any CPU
		{EF0D155D-3BF7-4F75-B180-90731BDC9CF4}.Debug|Any CPU.ActiveCfg = Debug|Any CPU
		{EF0D155D-3BF7-4F75-B180-90731BDC9CF4}.Debug|Any CPU.Build.0 = Debug|Any CPU
		{EF0D155D-3BF7-4F75-B180-90731BDC9CF4}.Release|Any CPU.ActiveCfg = Release|Any CPU
		{EF0D155D-3BF7-4F75-B180-90731BDC9CF4}.Release|Any CPU.Build.0 = Release|Any CPU
	EndGlobalSection
	GlobalSection(SolutionProperties) = preSolution
		HideSolutionNode = FALSE
	EndGlobalSection
	GlobalSection(ExtensibilityGlobals) = postSolution
		SolutionGuid = {1EE0DF2E-B7F0-4EFE-A124-E0B7C54DE594}
	EndGlobalSection
EndGlobal
