
Microsoft Visual Studio Solution File, Format Version 12.00
# Visual Studio Version 16
VisualStudioVersion = 16.0.28922.388
MinimumVisualStudioVersion = 10.0.40219.1
Project("{9A19103F-16F7-4668-BE54-9A1E7A4F7556}") = "P01_SpaceshipCrafting", "P01\P01_SpaceshipCrafting.csproj", "{A18E3282-94E9-4F4D-9099-E3B18E7C2766}"
EndProject
Project("{9A19103F-16F7-4668-BE54-9A1E7A4F7556}") = "P03_SpaceStationEstablishment", "P02\P03_SpaceStationEstablishment.csproj", "{5C95AA9B-72DF-4A5D-B4AA-E5476DD9F1A5}"
EndProject
Project("{9A19103F-16F7-4668-BE54-9A1E7A4F7556}") = "SpaceStationRecruitment", "P02_SpaceStationRecruitment\SpaceStationRecruitment.csproj", "{4D6478CA-B929-4D7B-A9CB-E40EAC126E05}"
EndProject
Global
	GlobalSection(SolutionConfigurationPlatforms) = preSolution
		Debug|Any CPU = Debug|Any CPU
		Release|Any CPU = Release|Any CPU
	EndGlobalSection
	GlobalSection(ProjectConfigurationPlatforms) = postSolution
		{A18E3282-94E9-4F4D-9099-E3B18E7C2766}.Debug|Any CPU.ActiveCfg = Debug|Any CPU
		{A18E3282-94E9-4F4D-9099-E3B18E7C2766}.Debug|Any CPU.Build.0 = Debug|Any CPU
		{A18E3282-94E9-4F4D-9099-E3B18E7C2766}.Release|Any CPU.ActiveCfg = Release|Any CPU
		{A18E3282-94E9-4F4D-9099-E3B18E7C2766}.Release|Any CPU.Build.0 = Release|Any CPU
		{5C95AA9B-72DF-4A5D-B4AA-E5476DD9F1A5}.Debug|Any CPU.ActiveCfg = Debug|Any CPU
		{5C95AA9B-72DF-4A5D-B4AA-E5476DD9F1A5}.Debug|Any CPU.Build.0 = Debug|Any CPU
		{5C95AA9B-72DF-4A5D-B4AA-E5476DD9F1A5}.Release|Any CPU.ActiveCfg = Release|Any CPU
		{5C95AA9B-72DF-4A5D-B4AA-E5476DD9F1A5}.Release|Any CPU.Build.0 = Release|Any CPU
		{4D6478CA-B929-4D7B-A9CB-E40EAC126E05}.Debug|Any CPU.ActiveCfg = Debug|Any CPU
		{4D6478CA-B929-4D7B-A9CB-E40EAC126E05}.Debug|Any CPU.Build.0 = Debug|Any CPU
		{4D6478CA-B929-4D7B-A9CB-E40EAC126E05}.Release|Any CPU.ActiveCfg = Release|Any CPU
		{4D6478CA-B929-4D7B-A9CB-E40EAC126E05}.Release|Any CPU.Build.0 = Release|Any CPU
	EndGlobalSection
	GlobalSection(SolutionProperties) = preSolution
		HideSolutionNode = FALSE
	EndGlobalSection
	GlobalSection(ExtensibilityGlobals) = postSolution
		SolutionGuid = {062003F9-AB98-4FEE-B80A-B880024C75D1}
	EndGlobalSection
EndGlobal
