
Microsoft Visual Studio Solution File, Format Version 12.00
# Visual Studio Version 16
VisualStudioVersion = 16.0.28922.388
MinimumVisualStudioVersion = 10.0.40219.1
Project("{9A19103F-16F7-4668-BE54-9A1E7A4F7556}") = "P02-TronRacers", "P02-TronRacers\P02-TronRacers.csproj", "{EAA3C7B3-0779-4261-B42C-1B1F1186E639}"
EndProject
Project("{9A19103F-16F7-4668-BE54-9A1E7A4F7556}") = "Heroes", "Heroes\Heroes.csproj", "{1835ADA6-55EB-4468-8BB5-912737406ED2}"
EndProject
Project("{9A19103F-16F7-4668-BE54-9A1E7A4F7556}") = "P01-ClubParty", "P01-ClubParty\P01-ClubParty.csproj", "{5EE25004-3E8F-4365-8E2E-B0C98AA6F3CE}"
EndProject
Global
	GlobalSection(SolutionConfigurationPlatforms) = preSolution
		Debug|Any CPU = Debug|Any CPU
		Release|Any CPU = Release|Any CPU
	EndGlobalSection
	GlobalSection(ProjectConfigurationPlatforms) = postSolution
		{EAA3C7B3-0779-4261-B42C-1B1F1186E639}.Debug|Any CPU.ActiveCfg = Debug|Any CPU
		{EAA3C7B3-0779-4261-B42C-1B1F1186E639}.Debug|Any CPU.Build.0 = Debug|Any CPU
		{EAA3C7B3-0779-4261-B42C-1B1F1186E639}.Release|Any CPU.ActiveCfg = Release|Any CPU
		{EAA3C7B3-0779-4261-B42C-1B1F1186E639}.Release|Any CPU.Build.0 = Release|Any CPU
		{1835ADA6-55EB-4468-8BB5-912737406ED2}.Debug|Any CPU.ActiveCfg = Debug|Any CPU
		{1835ADA6-55EB-4468-8BB5-912737406ED2}.Debug|Any CPU.Build.0 = Debug|Any CPU
		{1835ADA6-55EB-4468-8BB5-912737406ED2}.Release|Any CPU.ActiveCfg = Release|Any CPU
		{1835ADA6-55EB-4468-8BB5-912737406ED2}.Release|Any CPU.Build.0 = Release|Any CPU
		{5EE25004-3E8F-4365-8E2E-B0C98AA6F3CE}.Debug|Any CPU.ActiveCfg = Debug|Any CPU
		{5EE25004-3E8F-4365-8E2E-B0C98AA6F3CE}.Debug|Any CPU.Build.0 = Debug|Any CPU
		{5EE25004-3E8F-4365-8E2E-B0C98AA6F3CE}.Release|Any CPU.ActiveCfg = Release|Any CPU
		{5EE25004-3E8F-4365-8E2E-B0C98AA6F3CE}.Release|Any CPU.Build.0 = Release|Any CPU
	EndGlobalSection
	GlobalSection(SolutionProperties) = preSolution
		HideSolutionNode = FALSE
	EndGlobalSection
	GlobalSection(ExtensibilityGlobals) = postSolution
		SolutionGuid = {5B90E0C5-DA91-4EC4-800D-2EB22DAB4109}
	EndGlobalSection
EndGlobal
