
Microsoft Visual Studio Solution File, Format Version 12.00
# Visual Studio Version 16
VisualStudioVersion = 16.0.28917.181
MinimumVisualStudioVersion = 10.0.40219.1
Project("{9A19103F-16F7-4668-BE54-9A1E7A4F7556}") = "CustomStack", "CustomStack\CustomStack.csproj", "{BA7A794D-1CDD-4AE3-828F-DD9E2FC5DEBB}"
EndProject
Project("{9A19103F-16F7-4668-BE54-9A1E7A4F7556}") = "CustomLinkedList", "CustomLinkedList\CustomLinkedList.csproj", "{ACAF7740-9035-4082-9992-1B852B3C40A8}"
EndProject
Project("{9A19103F-16F7-4668-BE54-9A1E7A4F7556}") = "CustomList", "CustomList\CustomList.csproj", "{A47DDD26-403A-43E7-8971-6FEA665BB3CC}"
EndProject
Project("{FAE04EC0-301F-11D3-BF4B-00C04F79EFBC}") = "CustomDoublyLinkedList", "CustomDoublyLinkedList\CustomDoublyLinkedList.csproj", "{CF452246-B3B8-4F5F-B96C-174AE0EF289D}"
EndProject
Global
	GlobalSection(SolutionConfigurationPlatforms) = preSolution
		Debug|Any CPU = Debug|Any CPU
		Release|Any CPU = Release|Any CPU
	EndGlobalSection
	GlobalSection(ProjectConfigurationPlatforms) = postSolution
		{BA7A794D-1CDD-4AE3-828F-DD9E2FC5DEBB}.Debug|Any CPU.ActiveCfg = Debug|Any CPU
		{BA7A794D-1CDD-4AE3-828F-DD9E2FC5DEBB}.Debug|Any CPU.Build.0 = Debug|Any CPU
		{BA7A794D-1CDD-4AE3-828F-DD9E2FC5DEBB}.Release|Any CPU.ActiveCfg = Release|Any CPU
		{BA7A794D-1CDD-4AE3-828F-DD9E2FC5DEBB}.Release|Any CPU.Build.0 = Release|Any CPU
		{ACAF7740-9035-4082-9992-1B852B3C40A8}.Debug|Any CPU.ActiveCfg = Debug|Any CPU
		{ACAF7740-9035-4082-9992-1B852B3C40A8}.Debug|Any CPU.Build.0 = Debug|Any CPU
		{ACAF7740-9035-4082-9992-1B852B3C40A8}.Release|Any CPU.ActiveCfg = Release|Any CPU
		{ACAF7740-9035-4082-9992-1B852B3C40A8}.Release|Any CPU.Build.0 = Release|Any CPU
		{A47DDD26-403A-43E7-8971-6FEA665BB3CC}.Debug|Any CPU.ActiveCfg = Debug|Any CPU
		{A47DDD26-403A-43E7-8971-6FEA665BB3CC}.Debug|Any CPU.Build.0 = Debug|Any CPU
		{A47DDD26-403A-43E7-8971-6FEA665BB3CC}.Release|Any CPU.ActiveCfg = Release|Any CPU
		{A47DDD26-403A-43E7-8971-6FEA665BB3CC}.Release|Any CPU.Build.0 = Release|Any CPU
		{CF452246-B3B8-4F5F-B96C-174AE0EF289D}.Debug|Any CPU.ActiveCfg = Debug|Any CPU
		{CF452246-B3B8-4F5F-B96C-174AE0EF289D}.Debug|Any CPU.Build.0 = Debug|Any CPU
		{CF452246-B3B8-4F5F-B96C-174AE0EF289D}.Release|Any CPU.ActiveCfg = Release|Any CPU
		{CF452246-B3B8-4F5F-B96C-174AE0EF289D}.Release|Any CPU.Build.0 = Release|Any CPU
	EndGlobalSection
	GlobalSection(SolutionProperties) = preSolution
		HideSolutionNode = FALSE
	EndGlobalSection
	GlobalSection(ExtensibilityGlobals) = postSolution
		SolutionGuid = {4D7E1848-3254-4944-997E-787FF9658378}
	EndGlobalSection
EndGlobal
